
Microsoft Visual Studio Solution File, Format Version 12.00
# Visual Studio 15
VisualStudioVersion = 15.0.27703.2035
MinimumVisualStudioVersion = 10.0.40219.1
Project("{FAE04EC0-301F-11D3-BF4B-00C04F79EFBC}") = "GHIElectronics.TinyCLR.Drivers.Sitronix.ST7735", "Sitronix\ST7735\GHIElectronics.TinyCLR.Drivers.Sitronix.ST7735.csproj", "{D945E7ED-82F5-4768-A41F-0EF0220E6BA6}"
EndProject
Project("{FAE04EC0-301F-11D3-BF4B-00C04F79EFBC}") = "GHIElectronics.TinyCLR.Drivers.ShijiLighting.APA102C", "ShijiLighting\APA102C\GHIElectronics.TinyCLR.Drivers.ShijiLighting.APA102C.csproj", "{99624F01-2024-4C7E-809E-3717CC41F760}"
EndProject
Project("{FAE04EC0-301F-11D3-BF4B-00C04F79EFBC}") = "GHIElectronics.TinyCLR.Drivers.SolomonSystech.SSD1306", "SolomonSystech\SSD1306\GHIElectronics.TinyCLR.Drivers.SolomonSystech.SSD1306.csproj", "{95DE8D49-631E-41EB-90F7-B53768803FE6}"
EndProject
Project("{FAE04EC0-301F-11D3-BF4B-00C04F79EFBC}") = "GHIElectronics.TinyCLR.Drivers.STMicroelectronics.SPWF04Sx", "STMicroelectronics\SPWF04Sx\GHIElectronics.TinyCLR.Drivers.STMicroelectronics.SPWF04Sx.csproj", "{365C4668-89FB-429C-B90B-D80AF6CF9B9D}"
EndProject
Project("{FAE04EC0-301F-11D3-BF4B-00C04F79EFBC}") = "GHIElectronics.TinyCLR.Drivers.TexasInstruments.CD4017B", "TexasInstruments\CD4017B\GHIElectronics.TinyCLR.Drivers.TexasInstruments.CD4017B\GHIElectronics.TinyCLR.Drivers.TexasInstruments.CD4017B.csproj", "{620771FC-4F70-42E5-BEB4-B69C8FCD6617}"
EndProject
Project("{FAE04EC0-301F-11D3-BF4B-00C04F79EFBC}") = "GHIElectronics.TinyCLR.Drivers.TexasInstruments.SNx4HC595", "TexasInstruments\SNx4HC595\GHIElectronics.TinyCLR.Drivers.TexasInstruments.SNx4HC595\GHIElectronics.TinyCLR.Drivers.TexasInstruments.SNx4HC595.csproj", "{5657EA06-0A3C-4F9A-AA96-7808D471FE27}"
EndProject
Global
	GlobalSection(SolutionConfigurationPlatforms) = preSolution
		Debug|Any CPU = Debug|Any CPU
		Release|Any CPU = Release|Any CPU
	EndGlobalSection
	GlobalSection(ProjectConfigurationPlatforms) = postSolution
		{D945E7ED-82F5-4768-A41F-0EF0220E6BA6}.Debug|Any CPU.ActiveCfg = Debug|Any CPU
		{D945E7ED-82F5-4768-A41F-0EF0220E6BA6}.Debug|Any CPU.Build.0 = Debug|Any CPU
		{D945E7ED-82F5-4768-A41F-0EF0220E6BA6}.Release|Any CPU.ActiveCfg = Release|Any CPU
		{D945E7ED-82F5-4768-A41F-0EF0220E6BA6}.Release|Any CPU.Build.0 = Release|Any CPU
		{99624F01-2024-4C7E-809E-3717CC41F760}.Debug|Any CPU.ActiveCfg = Debug|Any CPU
		{99624F01-2024-4C7E-809E-3717CC41F760}.Debug|Any CPU.Build.0 = Debug|Any CPU
		{99624F01-2024-4C7E-809E-3717CC41F760}.Release|Any CPU.ActiveCfg = Release|Any CPU
		{99624F01-2024-4C7E-809E-3717CC41F760}.Release|Any CPU.Build.0 = Release|Any CPU
		{95DE8D49-631E-41EB-90F7-B53768803FE6}.Debug|Any CPU.ActiveCfg = Debug|Any CPU
		{95DE8D49-631E-41EB-90F7-B53768803FE6}.Debug|Any CPU.Build.0 = Debug|Any CPU
		{95DE8D49-631E-41EB-90F7-B53768803FE6}.Release|Any CPU.ActiveCfg = Release|Any CPU
		{95DE8D49-631E-41EB-90F7-B53768803FE6}.Release|Any CPU.Build.0 = Release|Any CPU
		{365C4668-89FB-429C-B90B-D80AF6CF9B9D}.Debug|Any CPU.ActiveCfg = Debug|Any CPU
		{365C4668-89FB-429C-B90B-D80AF6CF9B9D}.Debug|Any CPU.Build.0 = Debug|Any CPU
		{365C4668-89FB-429C-B90B-D80AF6CF9B9D}.Release|Any CPU.ActiveCfg = Release|Any CPU
		{365C4668-89FB-429C-B90B-D80AF6CF9B9D}.Release|Any CPU.Build.0 = Release|Any CPU
		{620771FC-4F70-42E5-BEB4-B69C8FCD6617}.Debug|Any CPU.ActiveCfg = Debug|Any CPU
		{620771FC-4F70-42E5-BEB4-B69C8FCD6617}.Debug|Any CPU.Build.0 = Debug|Any CPU
		{620771FC-4F70-42E5-BEB4-B69C8FCD6617}.Release|Any CPU.ActiveCfg = Release|Any CPU
		{620771FC-4F70-42E5-BEB4-B69C8FCD6617}.Release|Any CPU.Build.0 = Release|Any CPU
		{5657EA06-0A3C-4F9A-AA96-7808D471FE27}.Debug|Any CPU.ActiveCfg = Debug|Any CPU
		{5657EA06-0A3C-4F9A-AA96-7808D471FE27}.Debug|Any CPU.Build.0 = Debug|Any CPU
		{5657EA06-0A3C-4F9A-AA96-7808D471FE27}.Release|Any CPU.ActiveCfg = Release|Any CPU
		{5657EA06-0A3C-4F9A-AA96-7808D471FE27}.Release|Any CPU.Build.0 = Release|Any CPU
	EndGlobalSection
	GlobalSection(SolutionProperties) = preSolution
		HideSolutionNode = FALSE
	EndGlobalSection
	GlobalSection(ExtensibilityGlobals) = postSolution
		SolutionGuid = {17FBE763-E335-4D8E-B25F-C30109FEE222}
	EndGlobalSection
EndGlobal
