
Microsoft Visual Studio Solution File, Format Version 12.00
# Visual Studio Version 16
VisualStudioVersion = 16.0.29409.12
MinimumVisualStudioVersion = 10.0.40219.1
Project("{FAE04EC0-301F-11D3-BF4B-00C04F79EFBC}") = "GHIElectronics.TinyCLR.Drivers.Sitronix.ST7735", "Sitronix\ST7735\GHIElectronics.TinyCLR.Drivers.Sitronix.ST7735.csproj", "{D945E7ED-82F5-4768-A41F-0EF0220E6BA6}"
EndProject
Project("{FAE04EC0-301F-11D3-BF4B-00C04F79EFBC}") = "GHIElectronics.TinyCLR.Drivers.ShijiLighting.APA102C", "ShijiLighting\APA102C\GHIElectronics.TinyCLR.Drivers.ShijiLighting.APA102C.csproj", "{99624F01-2024-4C7E-809E-3717CC41F760}"
EndProject
Project("{FAE04EC0-301F-11D3-BF4B-00C04F79EFBC}") = "GHIElectronics.TinyCLR.Drivers.SolomonSystech.SSD1306", "SolomonSystech\SSD1306\GHIElectronics.TinyCLR.Drivers.SolomonSystech.SSD1306.csproj", "{95DE8D49-631E-41EB-90F7-B53768803FE6}"
EndProject
Project("{FAE04EC0-301F-11D3-BF4B-00C04F79EFBC}") = "GHIElectronics.TinyCLR.Drivers.TexasInstruments.CD4017B", "TexasInstruments\CD4017B\GHIElectronics.TinyCLR.Drivers.TexasInstruments.CD4017B.csproj", "{620771FC-4F70-42E5-BEB4-B69C8FCD6617}"
EndProject
Project("{FAE04EC0-301F-11D3-BF4B-00C04F79EFBC}") = "GHIElectronics.TinyCLR.Drivers.TexasInstruments.SNx4HC595", "TexasInstruments\SNx4HC595\GHIElectronics.TinyCLR.Drivers.TexasInstruments.SNx4HC595.csproj", "{5657EA06-0A3C-4F9A-AA96-7808D471FE27}"
EndProject
Project("{FAE04EC0-301F-11D3-BF4B-00C04F79EFBC}") = "GHIElectronics.TinyCLR.Drivers.FocalTech.FT5xx6", "FocalTech\FT5xx6\GHIElectronics.TinyCLR.Drivers.FocalTech.FT5xx6.csproj", "{82A2F5B0-4073-4B98-845D-AE7C5A925BE8}"
EndProject
Project("{FAE04EC0-301F-11D3-BF4B-00C04F79EFBC}") = "GHIElectronics.TinyCLR.Drivers.Microchip.Winc15x0", "Microchip\Winc15x0\GHIElectronics.TinyCLR.Drivers.Microchip.Winc15x0.csproj", "{0A494884-352C-4849-9A59-22AA41E378DB}"
EndProject
Project("{FAE04EC0-301F-11D3-BF4B-00C04F79EFBC}") = "GHIElectronics.TinyCLR.Drivers.Omnivision.Ov9655", "Omnivision\Ov9655\GHIElectronics.TinyCLR.Drivers.Omnivision.Ov9655.csproj", "{BE8ECB57-A641-4F79-A862-FB47B55078DF}"
EndProject
Project("{FAE04EC0-301F-11D3-BF4B-00C04F79EFBC}") = "GHIElectronics.TinyCLR.Drivers.VlsiSolution.VS1053B", "VlsiSolution\VS1053B\GHIElectronics.TinyCLR.Drivers.VlsiSolution.VS1053B.csproj", "{8A352D82-167C-4E06-9BD8-B1C054471806}"
EndProject
Project("{FAE04EC0-301F-11D3-BF4B-00C04F79EFBC}") = "GHIElectronics.TinyCLR.Drivers.Neopixel.WS2812", "Neopixel\WS2812\GHIElectronics.TinyCLR.Drivers.Neopixel.WS2812.csproj", "{599F63DF-033D-45B3-BBB4-E4F57C319DB8}"
EndProject
Project("{FAE04EC0-301F-11D3-BF4B-00C04F79EFBC}") = "GHIElectronics.TinyCLR.Drivers.MixedSignalIntegrated.MSGEQ7", "MixedSignalIntegrated\MSGEQ7\GHIElectronics.TinyCLR.Drivers.MixedSignalIntegrated.MSGEQ7.csproj", "{6FE7815A-14AD-4D72-9C6A-496201A698DB}"
EndProject
Project("{FAE04EC0-301F-11D3-BF4B-00C04F79EFBC}") = "GHIElectronics.TinyCLR.Drivers.SolomonSystech.SSD1351", "SolomonSystech\SSD1351\GHIElectronics.TinyCLR.Drivers.SolomonSystech.SSD1351.csproj", "{12CF3A2E-F00D-4A97-809D-E1AB7C9E80F7}"
EndProject
Project("{FAE04EC0-301F-11D3-BF4B-00C04F79EFBC}") = "GHIElectronics.TinyCLR.Drivers.GreeledElectronics.LPD8806", "GreeledElectronics\LPD8806\GHIElectronics.TinyCLR.Drivers.GreeledElectronics.LPD8806.csproj", "{60EEECBF-26AF-4BC0-B920-152AA73E3D33}"
EndProject
Project("{FAE04EC0-301F-11D3-BF4B-00C04F79EFBC}") = "GHIElectronics.TinyCLR.Drivers.Nxp.PCA9685", "Nxp\PCA9685\GHIElectronics.TinyCLR.Drivers.Nxp.PCA9685.csproj", "{6E3E6107-F537-437B-86F3-04982098D4D1}"
EndProject
Project("{FAE04EC0-301F-11D3-BF4B-00C04F79EFBC}") = "GHIElectronics.TinyCLR.Drivers.STMicroelectronics.LIS2HH12", "STMicroelectronics\LIS2HH12\GHIElectronics.TinyCLR.Drivers.STMicroelectronics.LIS2HH12.csproj", "{BC84FF9B-A4EF-48A5-8E2D-C11A953FC1A8}"
EndProject
Project("{FAE04EC0-301F-11D3-BF4B-00C04F79EFBC}") = "GHIElectronics.TinyCLR.Drivers.Microchip.AT25M02", "Microchip\AT25M02\GHIElectronics.TinyCLR.Drivers.Microchip.AT25M02.csproj", "{77CB30D1-5126-4FC6-B36D-27ECC4CE6337}"
EndProject
Project("{FAE04EC0-301F-11D3-BF4B-00C04F79EFBC}") = "GHIElectronics.TinyCLR.Drivers.Silead.GSL1680", "Silead\GSL1680\GHIElectronics.TinyCLR.Drivers.Silead.GSL1680.csproj", "{ABC90EC4-0BA2-47A9-984A-B24E89EB00EB}"
EndProject
Project("{FAE04EC0-301F-11D3-BF4B-00C04F79EFBC}") = "GHIElectronics.TinyCLR.Drivers.HiLetgo.ILI9341", "HiLetgo\ILI9341\GHIElectronics.TinyCLR.Drivers.HiLetgo.ILI9341.csproj", "{9C63A2E2-5D77-4012-81DE-C6AA82366111}"
EndProject
Project("{FAE04EC0-301F-11D3-BF4B-00C04F79EFBC}") = "GHIElectronics.TinyCLR.Drivers.Motor.Servo", "Motor\Servo\GHIElectronics.TinyCLR.Drivers.Motor.Servo.csproj", "{FC977532-9E2F-4C23-9032-1DF0DA9EF78A}"
EndProject
Project("{FAE04EC0-301F-11D3-BF4B-00C04F79EFBC}") = "GHIElectronics.TinyCLR.Drivers.EastRising.ERC12864", "EastRising\ERC12864\GHIElectronics.TinyCLR.Drivers.EastRising.ERC12864.csproj", "{7254E3D1-704A-4C75-9604-82E4F34738DA}"
EndProject
Project("{FAE04EC0-301F-11D3-BF4B-00C04F79EFBC}") = "GHIElectronics.TinyCLR.Drivers.Azure.SAS", "Azure\GHIElectronics.TinyCLR.Drivers.Azure.SAS.csproj", "{F0F3F037-DC1F-4496-82A7-6D4B9C8FD50B}"
EndProject
Project("{FAE04EC0-301F-11D3-BF4B-00C04F79EFBC}") = "GHIElectronics.TinyCLR.Drivers.Touch.ResistiveTouch", "Touch\GHIElectronics.TinyCLR.Drivers.Touch.ResistiveTouch.csproj", "{F6472533-5F6B-4EEA-BE7D-BE52D0A5E79A}"
EndProject
Project("{FAE04EC0-301F-11D3-BF4B-00C04F79EFBC}") = "GHIElectronics.TinyCLR.Drivers.Infrared", "Infrared\GHIElectronics.TinyCLR.Drivers.Infrared.csproj", "{CA009AF8-232D-4FFE-AD8E-E0058AFA2F8C}"
EndProject
Project("{FAE04EC0-301F-11D3-BF4B-00C04F79EFBC}") = "GHIElectronics.TinyCLR.Drivers.BasicGraphic", "BasicGraphic\GHIElectronics.TinyCLR.Drivers.BasicGraphic.csproj", "{8286622D-37E2-44C8-963A-90FD6957AC79}"
EndProject
Project("{FAE04EC0-301F-11D3-BF4B-00C04F79EFBC}") = "GHIElectronics.TinyCLR.Drivers.XModem", "XModem\GHIElectronics.TinyCLR.Drivers.XModem.csproj", "{7FFE33A0-175B-4010-B780-CEC678A0E26A}"
EndProject
Project("{FAE04EC0-301F-11D3-BF4B-00C04F79EFBC}") = "GHIElectronics.TinyCLR.Drivers.Sitronix.ST7789", "Sitronix\ST7789\GHIElectronics.TinyCLR.Drivers.Sitronix.ST7789.csproj", "{21C8A250-0F14-4CC0-9626-4D3219A9469F}"
EndProject
Project("{FAE04EC0-301F-11D3-BF4B-00C04F79EFBC}") = "GHIElectronics.TinyCLR.Drivers.Barcode", "Barcode\GHIElectronics.TinyCLR.Drivers.Barcode.csproj", "{6C6D095F-A4CC-4C68-8B3B-A006CC748D5E}"
EndProject
Project("{FAE04EC0-301F-11D3-BF4B-00C04F79EFBC}") = "GHIElectronics.TinyCLR.Drivers.OneTimePassword", "OneTimePassword\GHIElectronics.TinyCLR.Drivers.OneTimePassword.csproj", "{6A764F96-E625-4373-87E8-F130017BA22F}"
EndProject
Global
	GlobalSection(SolutionConfigurationPlatforms) = preSolution
		Debug|Any CPU = Debug|Any CPU
		Release|Any CPU = Release|Any CPU
	EndGlobalSection
	GlobalSection(ProjectConfigurationPlatforms) = postSolution
		{D945E7ED-82F5-4768-A41F-0EF0220E6BA6}.Debug|Any CPU.ActiveCfg = Debug|Any CPU
		{D945E7ED-82F5-4768-A41F-0EF0220E6BA6}.Debug|Any CPU.Build.0 = Debug|Any CPU
		{D945E7ED-82F5-4768-A41F-0EF0220E6BA6}.Release|Any CPU.ActiveCfg = Release|Any CPU
		{D945E7ED-82F5-4768-A41F-0EF0220E6BA6}.Release|Any CPU.Build.0 = Release|Any CPU
		{99624F01-2024-4C7E-809E-3717CC41F760}.Debug|Any CPU.ActiveCfg = Debug|Any CPU
		{99624F01-2024-4C7E-809E-3717CC41F760}.Debug|Any CPU.Build.0 = Debug|Any CPU
		{99624F01-2024-4C7E-809E-3717CC41F760}.Release|Any CPU.ActiveCfg = Release|Any CPU
		{99624F01-2024-4C7E-809E-3717CC41F760}.Release|Any CPU.Build.0 = Release|Any CPU
		{95DE8D49-631E-41EB-90F7-B53768803FE6}.Debug|Any CPU.ActiveCfg = Debug|Any CPU
		{95DE8D49-631E-41EB-90F7-B53768803FE6}.Debug|Any CPU.Build.0 = Debug|Any CPU
		{95DE8D49-631E-41EB-90F7-B53768803FE6}.Release|Any CPU.ActiveCfg = Release|Any CPU
		{95DE8D49-631E-41EB-90F7-B53768803FE6}.Release|Any CPU.Build.0 = Release|Any CPU
		{620771FC-4F70-42E5-BEB4-B69C8FCD6617}.Debug|Any CPU.ActiveCfg = Debug|Any CPU
		{620771FC-4F70-42E5-BEB4-B69C8FCD6617}.Debug|Any CPU.Build.0 = Debug|Any CPU
		{620771FC-4F70-42E5-BEB4-B69C8FCD6617}.Release|Any CPU.ActiveCfg = Release|Any CPU
		{620771FC-4F70-42E5-BEB4-B69C8FCD6617}.Release|Any CPU.Build.0 = Release|Any CPU
		{5657EA06-0A3C-4F9A-AA96-7808D471FE27}.Debug|Any CPU.ActiveCfg = Debug|Any CPU
		{5657EA06-0A3C-4F9A-AA96-7808D471FE27}.Debug|Any CPU.Build.0 = Debug|Any CPU
		{5657EA06-0A3C-4F9A-AA96-7808D471FE27}.Release|Any CPU.ActiveCfg = Release|Any CPU
		{5657EA06-0A3C-4F9A-AA96-7808D471FE27}.Release|Any CPU.Build.0 = Release|Any CPU
		{82A2F5B0-4073-4B98-845D-AE7C5A925BE8}.Debug|Any CPU.ActiveCfg = Debug|Any CPU
		{82A2F5B0-4073-4B98-845D-AE7C5A925BE8}.Debug|Any CPU.Build.0 = Debug|Any CPU
		{82A2F5B0-4073-4B98-845D-AE7C5A925BE8}.Release|Any CPU.ActiveCfg = Release|Any CPU
		{82A2F5B0-4073-4B98-845D-AE7C5A925BE8}.Release|Any CPU.Build.0 = Release|Any CPU
		{0A494884-352C-4849-9A59-22AA41E378DB}.Debug|Any CPU.ActiveCfg = Debug|Any CPU
		{0A494884-352C-4849-9A59-22AA41E378DB}.Debug|Any CPU.Build.0 = Debug|Any CPU
		{0A494884-352C-4849-9A59-22AA41E378DB}.Release|Any CPU.ActiveCfg = Release|Any CPU
		{0A494884-352C-4849-9A59-22AA41E378DB}.Release|Any CPU.Build.0 = Release|Any CPU
		{BE8ECB57-A641-4F79-A862-FB47B55078DF}.Debug|Any CPU.ActiveCfg = Debug|Any CPU
		{BE8ECB57-A641-4F79-A862-FB47B55078DF}.Debug|Any CPU.Build.0 = Debug|Any CPU
		{BE8ECB57-A641-4F79-A862-FB47B55078DF}.Release|Any CPU.ActiveCfg = Release|Any CPU
		{BE8ECB57-A641-4F79-A862-FB47B55078DF}.Release|Any CPU.Build.0 = Release|Any CPU
		{8A352D82-167C-4E06-9BD8-B1C054471806}.Debug|Any CPU.ActiveCfg = Debug|Any CPU
		{8A352D82-167C-4E06-9BD8-B1C054471806}.Debug|Any CPU.Build.0 = Debug|Any CPU
		{8A352D82-167C-4E06-9BD8-B1C054471806}.Release|Any CPU.ActiveCfg = Release|Any CPU
		{8A352D82-167C-4E06-9BD8-B1C054471806}.Release|Any CPU.Build.0 = Release|Any CPU
		{599F63DF-033D-45B3-BBB4-E4F57C319DB8}.Debug|Any CPU.ActiveCfg = Debug|Any CPU
		{599F63DF-033D-45B3-BBB4-E4F57C319DB8}.Debug|Any CPU.Build.0 = Debug|Any CPU
		{599F63DF-033D-45B3-BBB4-E4F57C319DB8}.Release|Any CPU.ActiveCfg = Release|Any CPU
		{599F63DF-033D-45B3-BBB4-E4F57C319DB8}.Release|Any CPU.Build.0 = Release|Any CPU
		{6FE7815A-14AD-4D72-9C6A-496201A698DB}.Debug|Any CPU.ActiveCfg = Debug|Any CPU
		{6FE7815A-14AD-4D72-9C6A-496201A698DB}.Debug|Any CPU.Build.0 = Debug|Any CPU
		{6FE7815A-14AD-4D72-9C6A-496201A698DB}.Release|Any CPU.ActiveCfg = Release|Any CPU
		{6FE7815A-14AD-4D72-9C6A-496201A698DB}.Release|Any CPU.Build.0 = Release|Any CPU
		{12CF3A2E-F00D-4A97-809D-E1AB7C9E80F7}.Debug|Any CPU.ActiveCfg = Debug|Any CPU
		{12CF3A2E-F00D-4A97-809D-E1AB7C9E80F7}.Debug|Any CPU.Build.0 = Debug|Any CPU
		{12CF3A2E-F00D-4A97-809D-E1AB7C9E80F7}.Release|Any CPU.ActiveCfg = Release|Any CPU
		{12CF3A2E-F00D-4A97-809D-E1AB7C9E80F7}.Release|Any CPU.Build.0 = Release|Any CPU
		{60EEECBF-26AF-4BC0-B920-152AA73E3D33}.Debug|Any CPU.ActiveCfg = Debug|Any CPU
		{60EEECBF-26AF-4BC0-B920-152AA73E3D33}.Debug|Any CPU.Build.0 = Debug|Any CPU
		{60EEECBF-26AF-4BC0-B920-152AA73E3D33}.Release|Any CPU.ActiveCfg = Release|Any CPU
		{60EEECBF-26AF-4BC0-B920-152AA73E3D33}.Release|Any CPU.Build.0 = Release|Any CPU
		{6E3E6107-F537-437B-86F3-04982098D4D1}.Debug|Any CPU.ActiveCfg = Debug|Any CPU
		{6E3E6107-F537-437B-86F3-04982098D4D1}.Debug|Any CPU.Build.0 = Debug|Any CPU
		{6E3E6107-F537-437B-86F3-04982098D4D1}.Release|Any CPU.ActiveCfg = Release|Any CPU
		{6E3E6107-F537-437B-86F3-04982098D4D1}.Release|Any CPU.Build.0 = Release|Any CPU
		{BC84FF9B-A4EF-48A5-8E2D-C11A953FC1A8}.Debug|Any CPU.ActiveCfg = Debug|Any CPU
		{BC84FF9B-A4EF-48A5-8E2D-C11A953FC1A8}.Debug|Any CPU.Build.0 = Debug|Any CPU
		{BC84FF9B-A4EF-48A5-8E2D-C11A953FC1A8}.Release|Any CPU.ActiveCfg = Release|Any CPU
		{BC84FF9B-A4EF-48A5-8E2D-C11A953FC1A8}.Release|Any CPU.Build.0 = Release|Any CPU
		{77CB30D1-5126-4FC6-B36D-27ECC4CE6337}.Debug|Any CPU.ActiveCfg = Debug|Any CPU
		{77CB30D1-5126-4FC6-B36D-27ECC4CE6337}.Debug|Any CPU.Build.0 = Debug|Any CPU
		{77CB30D1-5126-4FC6-B36D-27ECC4CE6337}.Release|Any CPU.ActiveCfg = Release|Any CPU
		{77CB30D1-5126-4FC6-B36D-27ECC4CE6337}.Release|Any CPU.Build.0 = Release|Any CPU
		{ABC90EC4-0BA2-47A9-984A-B24E89EB00EB}.Debug|Any CPU.ActiveCfg = Debug|Any CPU
		{ABC90EC4-0BA2-47A9-984A-B24E89EB00EB}.Debug|Any CPU.Build.0 = Debug|Any CPU
		{ABC90EC4-0BA2-47A9-984A-B24E89EB00EB}.Release|Any CPU.ActiveCfg = Release|Any CPU
		{ABC90EC4-0BA2-47A9-984A-B24E89EB00EB}.Release|Any CPU.Build.0 = Release|Any CPU
		{9C63A2E2-5D77-4012-81DE-C6AA82366111}.Debug|Any CPU.ActiveCfg = Debug|Any CPU
		{9C63A2E2-5D77-4012-81DE-C6AA82366111}.Debug|Any CPU.Build.0 = Debug|Any CPU
		{9C63A2E2-5D77-4012-81DE-C6AA82366111}.Release|Any CPU.ActiveCfg = Release|Any CPU
		{9C63A2E2-5D77-4012-81DE-C6AA82366111}.Release|Any CPU.Build.0 = Release|Any CPU
		{FC977532-9E2F-4C23-9032-1DF0DA9EF78A}.Debug|Any CPU.ActiveCfg = Debug|Any CPU
		{FC977532-9E2F-4C23-9032-1DF0DA9EF78A}.Debug|Any CPU.Build.0 = Debug|Any CPU
		{FC977532-9E2F-4C23-9032-1DF0DA9EF78A}.Release|Any CPU.ActiveCfg = Release|Any CPU
		{FC977532-9E2F-4C23-9032-1DF0DA9EF78A}.Release|Any CPU.Build.0 = Release|Any CPU
		{7254E3D1-704A-4C75-9604-82E4F34738DA}.Debug|Any CPU.ActiveCfg = Debug|Any CPU
		{7254E3D1-704A-4C75-9604-82E4F34738DA}.Debug|Any CPU.Build.0 = Debug|Any CPU
		{7254E3D1-704A-4C75-9604-82E4F34738DA}.Release|Any CPU.ActiveCfg = Release|Any CPU
		{7254E3D1-704A-4C75-9604-82E4F34738DA}.Release|Any CPU.Build.0 = Release|Any CPU
		{F0F3F037-DC1F-4496-82A7-6D4B9C8FD50B}.Debug|Any CPU.ActiveCfg = Debug|Any CPU
		{F0F3F037-DC1F-4496-82A7-6D4B9C8FD50B}.Debug|Any CPU.Build.0 = Debug|Any CPU
		{F0F3F037-DC1F-4496-82A7-6D4B9C8FD50B}.Release|Any CPU.ActiveCfg = Release|Any CPU
		{F0F3F037-DC1F-4496-82A7-6D4B9C8FD50B}.Release|Any CPU.Build.0 = Release|Any CPU
		{F6472533-5F6B-4EEA-BE7D-BE52D0A5E79A}.Debug|Any CPU.ActiveCfg = Debug|Any CPU
		{F6472533-5F6B-4EEA-BE7D-BE52D0A5E79A}.Debug|Any CPU.Build.0 = Debug|Any CPU
		{F6472533-5F6B-4EEA-BE7D-BE52D0A5E79A}.Release|Any CPU.ActiveCfg = Release|Any CPU
		{F6472533-5F6B-4EEA-BE7D-BE52D0A5E79A}.Release|Any CPU.Build.0 = Release|Any CPU
		{CA009AF8-232D-4FFE-AD8E-E0058AFA2F8C}.Debug|Any CPU.ActiveCfg = Debug|Any CPU
		{CA009AF8-232D-4FFE-AD8E-E0058AFA2F8C}.Debug|Any CPU.Build.0 = Debug|Any CPU
		{CA009AF8-232D-4FFE-AD8E-E0058AFA2F8C}.Release|Any CPU.ActiveCfg = Release|Any CPU
		{CA009AF8-232D-4FFE-AD8E-E0058AFA2F8C}.Release|Any CPU.Build.0 = Release|Any CPU
		{8286622D-37E2-44C8-963A-90FD6957AC79}.Debug|Any CPU.ActiveCfg = Debug|Any CPU
		{8286622D-37E2-44C8-963A-90FD6957AC79}.Debug|Any CPU.Build.0 = Debug|Any CPU
		{8286622D-37E2-44C8-963A-90FD6957AC79}.Release|Any CPU.ActiveCfg = Release|Any CPU
		{8286622D-37E2-44C8-963A-90FD6957AC79}.Release|Any CPU.Build.0 = Release|Any CPU
		{7FFE33A0-175B-4010-B780-CEC678A0E26A}.Debug|Any CPU.ActiveCfg = Debug|Any CPU
		{7FFE33A0-175B-4010-B780-CEC678A0E26A}.Debug|Any CPU.Build.0 = Debug|Any CPU
		{7FFE33A0-175B-4010-B780-CEC678A0E26A}.Release|Any CPU.ActiveCfg = Release|Any CPU
		{7FFE33A0-175B-4010-B780-CEC678A0E26A}.Release|Any CPU.Build.0 = Release|Any CPU
		{21C8A250-0F14-4CC0-9626-4D3219A9469F}.Debug|Any CPU.ActiveCfg = Debug|Any CPU
		{21C8A250-0F14-4CC0-9626-4D3219A9469F}.Debug|Any CPU.Build.0 = Debug|Any CPU
		{21C8A250-0F14-4CC0-9626-4D3219A9469F}.Release|Any CPU.ActiveCfg = Release|Any CPU
		{21C8A250-0F14-4CC0-9626-4D3219A9469F}.Release|Any CPU.Build.0 = Release|Any CPU
		{6C6D095F-A4CC-4C68-8B3B-A006CC748D5E}.Debug|Any CPU.ActiveCfg = Debug|Any CPU
		{6C6D095F-A4CC-4C68-8B3B-A006CC748D5E}.Debug|Any CPU.Build.0 = Debug|Any CPU
		{6C6D095F-A4CC-4C68-8B3B-A006CC748D5E}.Release|Any CPU.ActiveCfg = Release|Any CPU
		{6C6D095F-A4CC-4C68-8B3B-A006CC748D5E}.Release|Any CPU.Build.0 = Release|Any CPU
		{6A764F96-E625-4373-87E8-F130017BA22F}.Debug|Any CPU.ActiveCfg = Debug|Any CPU
		{6A764F96-E625-4373-87E8-F130017BA22F}.Debug|Any CPU.Build.0 = Debug|Any CPU
		{6A764F96-E625-4373-87E8-F130017BA22F}.Release|Any CPU.ActiveCfg = Release|Any CPU
		{6A764F96-E625-4373-87E8-F130017BA22F}.Release|Any CPU.Build.0 = Release|Any CPU
	EndGlobalSection
	GlobalSection(SolutionProperties) = preSolution
		HideSolutionNode = FALSE
	EndGlobalSection
	GlobalSection(ExtensibilityGlobals) = postSolution
		SolutionGuid = {17FBE763-E335-4D8E-B25F-C30109FEE222}
	EndGlobalSection
EndGlobal
