
Microsoft Visual Studio Solution File, Format Version 12.00
# Visual Studio 15
VisualStudioVersion = 15.0.27703.2035
MinimumVisualStudioVersion = 10.0.40219.1
Project("{FAE04EC0-301F-11D3-BF4B-00C04F79EFBC}") = "GHIElectronics.TinyCLR.Drivers.Sitronix.ST7735", "Sitronix\GHIElectronics.TinyCLR.Drivers.Sitronix.ST7735\GHIElectronics.TinyCLR.Drivers.Sitronix.ST7735.csproj", "{D945E7ED-82F5-4768-A41F-0EF0220E6BA6}"
EndProject
Global
	GlobalSection(SolutionConfigurationPlatforms) = preSolution
		Debug|Any CPU = Debug|Any CPU
		Release|Any CPU = Release|Any CPU
	EndGlobalSection
	GlobalSection(ProjectConfigurationPlatforms) = postSolution
		{D945E7ED-82F5-4768-A41F-0EF0220E6BA6}.Debug|Any CPU.ActiveCfg = Debug|Any CPU
		{D945E7ED-82F5-4768-A41F-0EF0220E6BA6}.Debug|Any CPU.Build.0 = Debug|Any CPU
		{D945E7ED-82F5-4768-A41F-0EF0220E6BA6}.Release|Any CPU.ActiveCfg = Release|Any CPU
		{D945E7ED-82F5-4768-A41F-0EF0220E6BA6}.Release|Any CPU.Build.0 = Release|Any CPU
	EndGlobalSection
	GlobalSection(SolutionProperties) = preSolution
		HideSolutionNode = FALSE
	EndGlobalSection
	GlobalSection(ExtensibilityGlobals) = postSolution
		SolutionGuid = {17FBE763-E335-4D8E-B25F-C30109FEE222}
	EndGlobalSection
EndGlobal
