
Microsoft Visual Studio Solution File, Format Version 12.00
# Visual Studio Version 16
VisualStudioVersion = 16.0.31025.194
MinimumVisualStudioVersion = 10.0.40219.1
Project("{FAE04EC0-301F-11D3-BF4B-00C04F79EFBC}") = "MCP4725", "MCP4725.csproj", "{09E656B6-10CE-4DEC-91D5-80CE7F54FC2F}"
EndProject
Global
	GlobalSection(SolutionConfigurationPlatforms) = preSolution
		Debug|Any CPU = Debug|Any CPU
		Release|Any CPU = Release|Any CPU
	EndGlobalSection
	GlobalSection(ProjectConfigurationPlatforms) = postSolution
		{09E656B6-10CE-4DEC-91D5-80CE7F54FC2F}.Debug|Any CPU.ActiveCfg = Debug|Any CPU
		{09E656B6-10CE-4DEC-91D5-80CE7F54FC2F}.Debug|Any CPU.Build.0 = Debug|Any CPU
		{09E656B6-10CE-4DEC-91D5-80CE7F54FC2F}.Release|Any CPU.ActiveCfg = Release|Any CPU
		{09E656B6-10CE-4DEC-91D5-80CE7F54FC2F}.Release|Any CPU.Build.0 = Release|Any CPU
	EndGlobalSection
	GlobalSection(SolutionProperties) = preSolution
		HideSolutionNode = FALSE
	EndGlobalSection
	GlobalSection(ExtensibilityGlobals) = postSolution
		SolutionGuid = {142AD622-8027-4C49-851E-46FABD575FA9}
	EndGlobalSection
EndGlobal
